
Microsoft Visual Studio Solution File, Format Version 12.00
# Visual Studio Version 17
VisualStudioVersion = 17.1.32319.34
MinimumVisualStudioVersion = 10.0.40219.1
Project("{8BC9CEB8-8B4A-11D0-8D11-00A0C91BC942}") = "HW 03.06.2022 - Text quest", "HW 03.06.2022 - Text quest\HW 03.06.2022 - Text quest.vcxproj", "{8B4B2F73-8261-44DF-97C7-AA48C983B01B}"
EndProject
Global
	GlobalSection(SolutionConfigurationPlatforms) = preSolution
		Debug|x64 = Debug|x64
		Debug|x86 = Debug|x86
		Release|x64 = Release|x64
		Release|x86 = Release|x86
	EndGlobalSection
	GlobalSection(ProjectConfigurationPlatforms) = postSolution
		{8B4B2F73-8261-44DF-97C7-AA48C983B01B}.Debug|x64.ActiveCfg = Debug|x64
		{8B4B2F73-8261-44DF-97C7-AA48C983B01B}.Debug|x64.Build.0 = Debug|x64
		{8B4B2F73-8261-44DF-97C7-AA48C983B01B}.Debug|x86.ActiveCfg = Debug|Win32
		{8B4B2F73-8261-44DF-97C7-AA48C983B01B}.Debug|x86.Build.0 = Debug|Win32
		{8B4B2F73-8261-44DF-97C7-AA48C983B01B}.Release|x64.ActiveCfg = Release|x64
		{8B4B2F73-8261-44DF-97C7-AA48C983B01B}.Release|x64.Build.0 = Release|x64
		{8B4B2F73-8261-44DF-97C7-AA48C983B01B}.Release|x86.ActiveCfg = Release|Win32
		{8B4B2F73-8261-44DF-97C7-AA48C983B01B}.Release|x86.Build.0 = Release|Win32
	EndGlobalSection
	GlobalSection(SolutionProperties) = preSolution
		HideSolutionNode = FALSE
	EndGlobalSection
	GlobalSection(ExtensibilityGlobals) = postSolution
		SolutionGuid = {9453F6E5-50B9-4D0A-9ACB-98636C00F212}
	EndGlobalSection
EndGlobal
